// !$*UTF8*$!
{
	archiveVersion = 1;
	classes = {
	};
	objectVersion = 50;
	objects = {

/* Begin PBXBuildFile section */
		5043B29C2424E1F100B2333F /* CountryCell.swift in Sources */ = {isa = PBXBuildFile; fileRef = 5043B29B2424E1F100B2333F /* CountryCell.swift */; };
		5043B29E2425244A00B2333F /* Country.swift in Sources */ = {isa = PBXBuildFile; fileRef = 5043B29D2425244A00B2333F /* Country.swift */; };
		50B816782424B60D007CDE87 /* AppDelegate.swift in Sources */ = {isa = PBXBuildFile; fileRef = 50B816772424B60D007CDE87 /* AppDelegate.swift */; };
		50B8167A2424B60D007CDE87 /* SceneDelegate.swift in Sources */ = {isa = PBXBuildFile; fileRef = 50B816792424B60D007CDE87 /* SceneDelegate.swift */; };
		50B8167C2424B60D007CDE87 /* ViewController.swift in Sources */ = {isa = PBXBuildFile; fileRef = 50B8167B2424B60D007CDE87 /* ViewController.swift */; };
		50B8167F2424B60D007CDE87 /* Main.storyboard in Resources */ = {isa = PBXBuildFile; fileRef = 50B8167D2424B60D007CDE87 /* Main.storyboard */; };
		50B816812424B610007CDE87 /* Assets.xcassets in Resources */ = {isa = PBXBuildFile; fileRef = 50B816802424B610007CDE87 /* Assets.xcassets */; };
		50B816842424B610007CDE87 /* LaunchScreen.storyboard in Resources */ = {isa = PBXBuildFile; fileRef = 50B816822424B610007CDE87 /* LaunchScreen.storyboard */; };
		6A5263EC24255FDB00BCD78B /* PersistenceManager.swift in Sources */ = {isa = PBXBuildFile; fileRef = 6A5263EB24255FDB00BCD78B /* PersistenceManager.swift */; };
		6A5263EF2425F78500BCD78B /* COVID19.xcdatamodeld in Sources */ = {isa = PBXBuildFile; fileRef = 6A5263ED2425F78500BCD78B /* COVID19.xcdatamodeld */; };
/* End PBXBuildFile section */

/* Begin PBXFileReference section */
		5043B29B2424E1F100B2333F /* CountryCell.swift */ = {isa = PBXFileReference; lastKnownFileType = sourcecode.swift; path = CountryCell.swift; sourceTree = "<group>"; };
		5043B29D2425244A00B2333F /* Country.swift */ = {isa = PBXFileReference; lastKnownFileType = sourcecode.swift; path = Country.swift; sourceTree = "<group>"; };
		50B816742424B60D007CDE87 /* COVID-19 Stats.app */ = {isa = PBXFileReference; explicitFileType = wrapper.application; includeInIndex = 0; path = "COVID-19 Stats.app"; sourceTree = BUILT_PRODUCTS_DIR; };
		50B816772424B60D007CDE87 /* AppDelegate.swift */ = {isa = PBXFileReference; lastKnownFileType = sourcecode.swift; path = AppDelegate.swift; sourceTree = "<group>"; };
		50B816792424B60D007CDE87 /* SceneDelegate.swift */ = {isa = PBXFileReference; lastKnownFileType = sourcecode.swift; path = SceneDelegate.swift; sourceTree = "<group>"; };
		50B8167B2424B60D007CDE87 /* ViewController.swift */ = {isa = PBXFileReference; lastKnownFileType = sourcecode.swift; path = ViewController.swift; sourceTree = "<group>"; };
		50B8167E2424B60D007CDE87 /* Base */ = {isa = PBXFileReference; lastKnownFileType = file.storyboard; name = Base; path = Base.lproj/Main.storyboard; sourceTree = "<group>"; };
		50B816802424B610007CDE87 /* Assets.xcassets */ = {isa = PBXFileReference; lastKnownFileType = folder.assetcatalog; path = Assets.xcassets; sourceTree = "<group>"; };
		50B816832424B610007CDE87 /* Base */ = {isa = PBXFileReference; lastKnownFileType = file.storyboard; name = Base; path = Base.lproj/LaunchScreen.storyboard; sourceTree = "<group>"; };
		50B816852424B610007CDE87 /* Info.plist */ = {isa = PBXFileReference; lastKnownFileType = text.plist.xml; path = Info.plist; sourceTree = "<group>"; };
		6A5263EB24255FDB00BCD78B /* PersistenceManager.swift */ = {isa = PBXFileReference; lastKnownFileType = sourcecode.swift; path = PersistenceManager.swift; sourceTree = "<group>"; };
		6A5263EE2425F78500BCD78B /* COVID19.xcdatamodel */ = {isa = PBXFileReference; lastKnownFileType = wrapper.xcdatamodel; path = COVID19.xcdatamodel; sourceTree = "<group>"; };
		6A5264022425FE4A00BCD78B /* CountryStats+CoreDataClass.swift */ = {isa = PBXFileReference; lastKnownFileType = sourcecode.swift; path = "CountryStats+CoreDataClass.swift"; sourceTree = "<group>"; };
		6A5264032425FE4A00BCD78B /* CountryStats+CoreDataProperties.swift */ = {isa = PBXFileReference; lastKnownFileType = sourcecode.swift; path = "CountryStats+CoreDataProperties.swift"; sourceTree = "<group>"; };
		6A5264062425FEF700BCD78B /* SetCountry+CoreDataClass.swift */ = {isa = PBXFileReference; lastKnownFileType = sourcecode.swift; path = "SetCountry+CoreDataClass.swift"; sourceTree = "<group>"; };
		6A5264072425FEF700BCD78B /* SetCountry+CoreDataProperties.swift */ = {isa = PBXFileReference; lastKnownFileType = sourcecode.swift; path = "SetCountry+CoreDataProperties.swift"; sourceTree = "<group>"; };
		6A5264082425FEF700BCD78B /* Country+CoreDataClass.swift */ = {isa = PBXFileReference; lastKnownFileType = sourcecode.swift; path = "Country+CoreDataClass.swift"; sourceTree = "<group>"; };
		6A5264092425FEF800BCD78B /* Country+CoreDataProperties.swift */ = {isa = PBXFileReference; lastKnownFileType = sourcecode.swift; path = "Country+CoreDataProperties.swift"; sourceTree = "<group>"; };
/* End PBXFileReference section */

/* Begin PBXFrameworksBuildPhase section */
		50B816712424B60D007CDE87 /* Frameworks */ = {
			isa = PBXFrameworksBuildPhase;
			buildActionMask = 2147483647;
			files = (
			);
			runOnlyForDeploymentPostprocessing = 0;
		};
/* End PBXFrameworksBuildPhase section */

/* Begin PBXGroup section */
		50B8166B2424B60D007CDE87 = {
			isa = PBXGroup;
			children = (
				50B816762424B60D007CDE87 /* COVID-19 Stats */,
				50B816752424B60D007CDE87 /* Products */,
			);
			sourceTree = "<group>";
		};
		50B816752424B60D007CDE87 /* Products */ = {
			isa = PBXGroup;
			children = (
				50B816742424B60D007CDE87 /* COVID-19 Stats.app */,
			);
			name = Products;
			sourceTree = "<group>";
		};
		50B816762424B60D007CDE87 /* COVID-19 Stats */ = {
			isa = PBXGroup;
			children = (
				6A5263F02425FA3200BCD78B /* CoreData */,
				50B816772424B60D007CDE87 /* AppDelegate.swift */,
				50B816792424B60D007CDE87 /* SceneDelegate.swift */,
				5043B29D2425244A00B2333F /* Country.swift */,
				5043B29B2424E1F100B2333F /* CountryCell.swift */,
				50B8167B2424B60D007CDE87 /* ViewController.swift */,
				50B8167D2424B60D007CDE87 /* Main.storyboard */,
				50B816802424B610007CDE87 /* Assets.xcassets */,
				50B816822424B610007CDE87 /* LaunchScreen.storyboard */,
				50B816852424B610007CDE87 /* Info.plist */,
			);
			path = "COVID-19 Stats";
			sourceTree = "<group>";
		};
		6A5263F02425FA3200BCD78B /* CoreData */ = {
			isa = PBXGroup;
			children = (
				6A5263EB24255FDB00BCD78B /* PersistenceManager.swift */,
				6A5263ED2425F78500BCD78B /* COVID19.xcdatamodeld */,
				6A5264012425FBDB00BCD78B /* Models */,
			);
			path = CoreData;
			sourceTree = "<group>";
		};
		6A5264012425FBDB00BCD78B /* Models */ = {
			isa = PBXGroup;
			children = (
				6A5264062425FEF700BCD78B /* SetCountry+CoreDataClass.swift */,
				6A5264072425FEF700BCD78B /* SetCountry+CoreDataProperties.swift */,
				6A5264082425FEF700BCD78B /* Country+CoreDataClass.swift */,
				6A5264092425FEF800BCD78B /* Country+CoreDataProperties.swift */,
				6A5264022425FE4A00BCD78B /* CountryStats+CoreDataClass.swift */,
				6A5264032425FE4A00BCD78B /* CountryStats+CoreDataProperties.swift */,
			);
			path = Models;
			sourceTree = "<group>";
		};
/* End PBXGroup section */

/* Begin PBXNativeTarget section */
		50B816732424B60D007CDE87 /* COVID-19 Stats */ = {
			isa = PBXNativeTarget;
			buildConfigurationList = 50B816882424B610007CDE87 /* Build configuration list for PBXNativeTarget "COVID-19 Stats" */;
			buildPhases = (
				50B816702424B60D007CDE87 /* Sources */,
				50B816712424B60D007CDE87 /* Frameworks */,
				50B816722424B60D007CDE87 /* Resources */,
			);
			buildRules = (
			);
			dependencies = (
			);
			name = "COVID-19 Stats";
			productName = "COVID-19 Stats";
			productReference = 50B816742424B60D007CDE87 /* COVID-19 Stats.app */;
			productType = "com.apple.product-type.application";
		};
/* End PBXNativeTarget section */

/* Begin PBXProject section */
		50B8166C2424B60D007CDE87 /* Project object */ = {
			isa = PBXProject;
			attributes = {
				LastSwiftUpdateCheck = 1130;
				LastUpgradeCheck = 1130;
				ORGANIZATIONNAME = Max;
				TargetAttributes = {
					50B816732424B60D007CDE87 = {
						CreatedOnToolsVersion = 11.3.1;
					};
				};
			};
			buildConfigurationList = 50B8166F2424B60D007CDE87 /* Build configuration list for PBXProject "COVID-19 Stats" */;
			compatibilityVersion = "Xcode 9.3";
			developmentRegion = en;
			hasScannedForEncodings = 0;
			knownRegions = (
				en,
				Base,
			);
			mainGroup = 50B8166B2424B60D007CDE87;
			productRefGroup = 50B816752424B60D007CDE87 /* Products */;
			projectDirPath = "";
			projectRoot = "";
			targets = (
				50B816732424B60D007CDE87 /* COVID-19 Stats */,
			);
		};
/* End PBXProject section */

/* Begin PBXResourcesBuildPhase section */
		50B816722424B60D007CDE87 /* Resources */ = {
			isa = PBXResourcesBuildPhase;
			buildActionMask = 2147483647;
			files = (
				50B816842424B610007CDE87 /* LaunchScreen.storyboard in Resources */,
				50B816812424B610007CDE87 /* Assets.xcassets in Resources */,
				50B8167F2424B60D007CDE87 /* Main.storyboard in Resources */,
			);
			runOnlyForDeploymentPostprocessing = 0;
		};
/* End PBXResourcesBuildPhase section */

/* Begin PBXSourcesBuildPhase section */
		50B816702424B60D007CDE87 /* Sources */ = {
			isa = PBXSourcesBuildPhase;
			buildActionMask = 2147483647;
			files = (
				5043B29C2424E1F100B2333F /* CountryCell.swift in Sources */,
				50B8167C2424B60D007CDE87 /* ViewController.swift in Sources */,
				50B816782424B60D007CDE87 /* AppDelegate.swift in Sources */,
				6A5263EC24255FDB00BCD78B /* PersistenceManager.swift in Sources */,
				6A5263EF2425F78500BCD78B /* COVID19.xcdatamodeld in Sources */,
				5043B29E2425244A00B2333F /* Country.swift in Sources */,
				50B8167A2424B60D007CDE87 /* SceneDelegate.swift in Sources */,
			);
			runOnlyForDeploymentPostprocessing = 0;
		};
/* End PBXSourcesBuildPhase section */

/* Begin PBXVariantGroup section */
		50B8167D2424B60D007CDE87 /* Main.storyboard */ = {
			isa = PBXVariantGroup;
			children = (
				50B8167E2424B60D007CDE87 /* Base */,
			);
			name = Main.storyboard;
			sourceTree = "<group>";
		};
		50B816822424B610007CDE87 /* LaunchScreen.storyboard */ = {
			isa = PBXVariantGroup;
			children = (
				50B816832424B610007CDE87 /* Base */,
			);
			name = LaunchScreen.storyboard;
			sourceTree = "<group>";
		};
/* End PBXVariantGroup section */

/* Begin XCBuildConfiguration section */
		50B816862424B610007CDE87 /* Debug */ = {
			isa = XCBuildConfiguration;
			buildSettings = {
				ALWAYS_SEARCH_USER_PATHS = NO;
				CLANG_ANALYZER_NONNULL = YES;
				CLANG_ANALYZER_NUMBER_OBJECT_CONVERSION = YES_AGGRESSIVE;
				CLANG_CXX_LANGUAGE_STANDARD = "gnu++14";
				CLANG_CXX_LIBRARY = "libc++";
				CLANG_ENABLE_MODULES = YES;
				CLANG_ENABLE_OBJC_ARC = YES;
				CLANG_ENABLE_OBJC_WEAK = YES;
				CLANG_WARN_BLOCK_CAPTURE_AUTORELEASING = YES;
				CLANG_WARN_BOOL_CONVERSION = YES;
				CLANG_WARN_COMMA = YES;
				CLANG_WARN_CONSTANT_CONVERSION = YES;
				CLANG_WARN_DEPRECATED_OBJC_IMPLEMENTATIONS = YES;
				CLANG_WARN_DIRECT_OBJC_ISA_USAGE = YES_ERROR;
				CLANG_WARN_DOCUMENTATION_COMMENTS = YES;
				CLANG_WARN_EMPTY_BODY = YES;
				CLANG_WARN_ENUM_CONVERSION = YES;
				CLANG_WARN_INFINITE_RECURSION = YES;
				CLANG_WARN_INT_CONVERSION = YES;
				CLANG_WARN_NON_LITERAL_NULL_CONVERSION = YES;
				CLANG_WARN_OBJC_IMPLICIT_RETAIN_SELF = YES;
				CLANG_WARN_OBJC_LITERAL_CONVERSION = YES;
				CLANG_WARN_OBJC_ROOT_CLASS = YES_ERROR;
				CLANG_WARN_RANGE_LOOP_ANALYSIS = YES;
				CLANG_WARN_STRICT_PROTOTYPES = YES;
				CLANG_WARN_SUSPICIOUS_MOVE = YES;
				CLANG_WARN_UNGUARDED_AVAILABILITY = YES_AGGRESSIVE;
				CLANG_WARN_UNREACHABLE_CODE = YES;
				CLANG_WARN__DUPLICATE_METHOD_MATCH = YES;
				COPY_PHASE_STRIP = NO;
				DEBUG_INFORMATION_FORMAT = dwarf;
				ENABLE_STRICT_OBJC_MSGSEND = YES;
				ENABLE_TESTABILITY = YES;
				GCC_C_LANGUAGE_STANDARD = gnu11;
				GCC_DYNAMIC_NO_PIC = NO;
				GCC_NO_COMMON_BLOCKS = YES;
				GCC_OPTIMIZATION_LEVEL = 0;
				GCC_PREPROCESSOR_DEFINITIONS = (
					"DEBUG=1",
					"$(inherited)",
				);
				GCC_WARN_64_TO_32_BIT_CONVERSION = YES;
				GCC_WARN_ABOUT_RETURN_TYPE = YES_ERROR;
				GCC_WARN_UNDECLARED_SELECTOR = YES;
				GCC_WARN_UNINITIALIZED_AUTOS = YES_AGGRESSIVE;
				GCC_WARN_UNUSED_FUNCTION = YES;
				GCC_WARN_UNUSED_VARIABLE = YES;
				IPHONEOS_DEPLOYMENT_TARGET = 13.2;
				MTL_ENABLE_DEBUG_INFO = INCLUDE_SOURCE;
				MTL_FAST_MATH = YES;
				ONLY_ACTIVE_ARCH = YES;
				SDKROOT = iphoneos;
				SWIFT_ACTIVE_COMPILATION_CONDITIONS = DEBUG;
				SWIFT_OPTIMIZATION_LEVEL = "-Onone";
			};
			name = Debug;
		};
		50B816872424B610007CDE87 /* Release */ = {
			isa = XCBuildConfiguration;
			buildSettings = {
				ALWAYS_SEARCH_USER_PATHS = NO;
				CLANG_ANALYZER_NONNULL = YES;
				CLANG_ANALYZER_NUMBER_OBJECT_CONVERSION = YES_AGGRESSIVE;
				CLANG_CXX_LANGUAGE_STANDARD = "gnu++14";
				CLANG_CXX_LIBRARY = "libc++";
				CLANG_ENABLE_MODULES = YES;
				CLANG_ENABLE_OBJC_ARC = YES;
				CLANG_ENABLE_OBJC_WEAK = YES;
				CLANG_WARN_BLOCK_CAPTURE_AUTORELEASING = YES;
				CLANG_WARN_BOOL_CONVERSION = YES;
				CLANG_WARN_COMMA = YES;
				CLANG_WARN_CONSTANT_CONVERSION = YES;
				CLANG_WARN_DEPRECATED_OBJC_IMPLEMENTATIONS = YES;
				CLANG_WARN_DIRECT_OBJC_ISA_USAGE = YES_ERROR;
				CLANG_WARN_DOCUMENTATION_COMMENTS = YES;
				CLANG_WARN_EMPTY_BODY = YES;
				CLANG_WARN_ENUM_CONVERSION = YES;
				CLANG_WARN_INFINITE_RECURSION = YES;
				CLANG_WARN_INT_CONVERSION = YES;
				CLANG_WARN_NON_LITERAL_NULL_CONVERSION = YES;
				CLANG_WARN_OBJC_IMPLICIT_RETAIN_SELF = YES;
				CLANG_WARN_OBJC_LITERAL_CONVERSION = YES;
				CLANG_WARN_OBJC_ROOT_CLASS = YES_ERROR;
				CLANG_WARN_RANGE_LOOP_ANALYSIS = YES;
				CLANG_WARN_STRICT_PROTOTYPES = YES;
				CLANG_WARN_SUSPICIOUS_MOVE = YES;
				CLANG_WARN_UNGUARDED_AVAILABILITY = YES_AGGRESSIVE;
				CLANG_WARN_UNREACHABLE_CODE = YES;
				CLANG_WARN__DUPLICATE_METHOD_MATCH = YES;
				COPY_PHASE_STRIP = NO;
				DEBUG_INFORMATION_FORMAT = "dwarf-with-dsym";
				ENABLE_NS_ASSERTIONS = NO;
				ENABLE_STRICT_OBJC_MSGSEND = YES;
				GCC_C_LANGUAGE_STANDARD = gnu11;
				GCC_NO_COMMON_BLOCKS = YES;
				GCC_WARN_64_TO_32_BIT_CONVERSION = YES;
				GCC_WARN_ABOUT_RETURN_TYPE = YES_ERROR;
				GCC_WARN_UNDECLARED_SELECTOR = YES;
				GCC_WARN_UNINITIALIZED_AUTOS = YES_AGGRESSIVE;
				GCC_WARN_UNUSED_FUNCTION = YES;
				GCC_WARN_UNUSED_VARIABLE = YES;
				IPHONEOS_DEPLOYMENT_TARGET = 13.2;
				MTL_ENABLE_DEBUG_INFO = NO;
				MTL_FAST_MATH = YES;
				SDKROOT = iphoneos;
				SWIFT_COMPILATION_MODE = wholemodule;
				SWIFT_OPTIMIZATION_LEVEL = "-O";
				VALIDATE_PRODUCT = YES;
			};
			name = Release;
		};
		50B816892424B610007CDE87 /* Debug */ = {
			isa = XCBuildConfiguration;
			buildSettings = {
				ASSETCATALOG_COMPILER_APPICON_NAME = AppIcon;
				CODE_SIGN_STYLE = Automatic;
				DEVELOPMENT_TEAM = YQJTUXZFSR;
				INFOPLIST_FILE = "COVID-19 Stats/Info.plist";
				LD_RUNPATH_SEARCH_PATHS = (
					"$(inherited)",
					"@executable_path/Frameworks",
				);
				PRODUCT_BUNDLE_IDENTIFIER = "Lutsky-Corporation.COVID-19-Stats";
				PRODUCT_NAME = "$(TARGET_NAME)";
				SWIFT_VERSION = 5.0;
				TARGETED_DEVICE_FAMILY = "1,2";
			};
			name = Debug;
		};
		50B8168A2424B610007CDE87 /* Release */ = {
			isa = XCBuildConfiguration;
			buildSettings = {
				ASSETCATALOG_COMPILER_APPICON_NAME = AppIcon;
				CODE_SIGN_STYLE = Automatic;
				DEVELOPMENT_TEAM = YQJTUXZFSR;
				INFOPLIST_FILE = "COVID-19 Stats/Info.plist";
				LD_RUNPATH_SEARCH_PATHS = (
					"$(inherited)",
					"@executable_path/Frameworks",
				);
				PRODUCT_BUNDLE_IDENTIFIER = "Lutsky-Corporation.COVID-19-Stats";
				PRODUCT_NAME = "$(TARGET_NAME)";
				SWIFT_VERSION = 5.0;
				TARGETED_DEVICE_FAMILY = "1,2";
			};
			name = Release;
		};
/* End XCBuildConfiguration section */

/* Begin XCConfigurationList section */
		50B8166F2424B60D007CDE87 /* Build configuration list for PBXProject "COVID-19 Stats" */ = {
			isa = XCConfigurationList;
			buildConfigurations = (
				50B816862424B610007CDE87 /* Debug */,
				50B816872424B610007CDE87 /* Release */,
			);
			defaultConfigurationIsVisible = 0;
			defaultConfigurationName = Release;
		};
		50B816882424B610007CDE87 /* Build configuration list for PBXNativeTarget "COVID-19 Stats" */ = {
			isa = XCConfigurationList;
			buildConfigurations = (
				50B816892424B610007CDE87 /* Debug */,
				50B8168A2424B610007CDE87 /* Release */,
			);
			defaultConfigurationIsVisible = 0;
			defaultConfigurationName = Release;
		};
/* End XCConfigurationList section */

/* Begin XCVersionGroup section */
		6A5263ED2425F78500BCD78B /* COVID19.xcdatamodeld */ = {
			isa = XCVersionGroup;
			children = (
				6A5263EE2425F78500BCD78B /* COVID19.xcdatamodel */,
			);
			currentVersion = 6A5263EE2425F78500BCD78B /* COVID19.xcdatamodel */;
			path = COVID19.xcdatamodeld;
			sourceTree = "<group>";
			versionGroupType = wrapper.xcdatamodel;
		};
/* End XCVersionGroup section */
	};
	rootObject = 50B8166C2424B60D007CDE87 /* Project object */;
}
